
Microsoft Visual Studio Solution File, Format Version 12.00
# Visual Studio Version 16
VisualStudioVersion = 16.0.30002.166
MinimumVisualStudioVersion = 10.0.40219.1
Project("{FAE04EC0-301F-11D3-BF4B-00C04F79EFBC}") = "Assignment-1", "Assignment-1\Assignment-1.csproj", "{0F2930F1-8CB3-42E6-A55C-0F77DE53181D}"
EndProject
Global
	GlobalSection(SolutionConfigurationPlatforms) = preSolution
		Debug|Any CPU = Debug|Any CPU
		Release|Any CPU = Release|Any CPU
	EndGlobalSection
	GlobalSection(ProjectConfigurationPlatforms) = postSolution
		{0F2930F1-8CB3-42E6-A55C-0F77DE53181D}.Debug|Any CPU.ActiveCfg = Debug|Any CPU
		{0F2930F1-8CB3-42E6-A55C-0F77DE53181D}.Debug|Any CPU.Build.0 = Debug|Any CPU
		{0F2930F1-8CB3-42E6-A55C-0F77DE53181D}.Release|Any CPU.ActiveCfg = Release|Any CPU
		{0F2930F1-8CB3-42E6-A55C-0F77DE53181D}.Release|Any CPU.Build.0 = Release|Any CPU
	EndGlobalSection
	GlobalSection(SolutionProperties) = preSolution
		HideSolutionNode = FALSE
	EndGlobalSection
	GlobalSection(ExtensibilityGlobals) = postSolution
		SolutionGuid = {D1AAD474-C401-4DB8-9928-578578812493}
	EndGlobalSection
EndGlobal
